<?xml version="1.0" encoding="utf-8"?>
<Project ToolsVersion="4.0" xmlns="http://schemas.microsoft.com/developer/msbuild/2003">
  <ItemGroup>
    <Filter Include="Source Files">
      <UniqueIdentifier>{4FC737F1-C7A5-4376-A066-2A32D752A2FF}</UniqueIdentifier>
      <Extensions>cpp;c;cc;cxx;def;odl;idl;hpj;bat;asm;asmx</Extensions>
    </Filter>
    <Filter Include="Header Files">
      <UniqueIdentifier>{93995380-89BD-4b04-88EB-625FBE52EBFB}</UniqueIdentifier>
      <Extensions>h;hpp;hxx;hm;inl;inc;xsd</Extensions>
    </Filter>
    <Filter Include="Resource Files">
      <UniqueIdentifier>{67DA6AB6-F800-4c08-8B7A-83BB121AAD01}</UniqueIdentifier>
      <Extensions>rc;ico;cur;bmp;dlg;rc2;rct;bin;rgs;gif;jpg;jpeg;jpe;resx;tiff;tif;png;wav;mfcribbon-ms</Extensions>
    </Filter>
    <Filter Include="Header Files\Manager">
      <UniqueIdentifier>{c0199631-7bbe-46bf-addd-64b532459534}</UniqueIdentifier>
    </Filter>
    <Filter Include="Source Files\Manager">
      <UniqueIdentifier>{caa2f0ba-885f-41ba-8e31-6e0078d6abba}</UniqueIdentifier>
    </Filter>
    <Filter Include="Header Files\Common">
      <UniqueIdentifier>{5aec3bb3-2a8b-46e3-ba28-0ccbaafeca3d}</UniqueIdentifier>
    </Filter>
    <Filter Include="Header Files\Object">
      <UniqueIdentifier>{5ce236af-ec27-4a2a-a6cd-fb0b392fdcf5}</UniqueIdentifier>
    </Filter>
    <Filter Include="Source Files\Object">
      <UniqueIdentifier>{124037c3-8158-41fb-8c0c-790e2eb037c9}</UniqueIdentifier>
    </Filter>
    <Filter Include="Header Files\Handler">
      <UniqueIdentifier>{6740e8b5-5ad6-4774-8497-aa195a5a83ba}</UniqueIdentifier>
    </Filter>
    <Filter Include="Source Files\Handler">
      <UniqueIdentifier>{54b0cb53-bfbe-4504-aab0-a1896bd1d2c0}</UniqueIdentifier>
    </Filter>
    <Filter Include="Header Files\Core">
      <UniqueIdentifier>{d3ddd4dc-d1b5-4ceb-ab9c-32e9c5b85605}</UniqueIdentifier>
    </Filter>
    <Filter Include="Source Files\Core">
      <UniqueIdentifier>{6c4636f6-80a8-4410-a1fc-1df2fd193c22}</UniqueIdentifier>
    </Filter>
    <Filter Include="Source Files\Common">
      <UniqueIdentifier>{f427b3df-8fd8-4ee2-99bf-cc3c2486d20b}</UniqueIdentifier>
    </Filter>
  </ItemGroup>
  <ItemGroup>
    <ClInclude Include="include\manager\AIManager.h">
      <Filter>Header Files\Manager</Filter>
    </ClInclude>
    <ClInclude Include="include\common\PaddleMove.h">
      <Filter>Header Files\Common</Filter>
    </ClInclude>
    <ClInclude Include="include\common\Properties.h">
      <Filter>Header Files\Common</Filter>
    </ClInclude>
    <ClInclude Include="include\core\OgrePong.h">
      <Filter>Header Files\Core</Filter>
    </ClInclude>
    <ClInclude Include="include\core\World.h">
      <Filter>Header Files\Core</Filter>
    </ClInclude>
    <ClInclude Include="include\handler\InputHandler.h">
      <Filter>Header Files\Handler</Filter>
    </ClInclude>
    <ClInclude Include="include\manager\PongManager.h">
      <Filter>Header Files\Manager</Filter>
    </ClInclude>
    <ClInclude Include="include\object\Ball.h">
      <Filter>Header Files\Object</Filter>
    </ClInclude>
    <ClInclude Include="include\object\Paddle.h">
      <Filter>Header Files\Object</Filter>
    </ClInclude>
    <ClInclude Include="include\object\PongObject.h">
      <Filter>Header Files\Object</Filter>
    </ClInclude>
    <ClInclude Include="include\object\Wall.h">
      <Filter>Header Files\Object</Filter>
    </ClInclude>
    <ClInclude Include="include\object\MotionObject.h">
      <Filter>Header Files\Object</Filter>
    </ClInclude>
    <ClInclude Include="include\manager\WorldManager.h">
      <Filter>Header Files\Manager</Filter>
    </ClInclude>
  </ItemGroup>
  <ItemGroup>
    <ClCompile Include="source\common\Properties.cpp">
      <Filter>Source Files\Common</Filter>
    </ClCompile>
    <ClCompile Include="source\core\main.cpp">
      <Filter>Source Files\Core</Filter>
    </ClCompile>
    <ClCompile Include="source\core\OgrePong.cpp">
      <Filter>Source Files\Core</Filter>
    </ClCompile>
    <ClCompile Include="source\core\World.cpp">
      <Filter>Source Files\Core</Filter>
    </ClCompile>
    <ClCompile Include="source\handler\InputHandler.cpp">
      <Filter>Source Files\Handler</Filter>
    </ClCompile>
    <ClCompile Include="source\manager\AIManager.cpp">
      <Filter>Source Files\Manager</Filter>
    </ClCompile>
    <ClCompile Include="source\manager\PongManager.cpp">
      <Filter>Source Files\Manager</Filter>
    </ClCompile>
    <ClCompile Include="source\object\Ball.cpp">
      <Filter>Source Files\Object</Filter>
    </ClCompile>
    <ClCompile Include="source\object\Paddle.cpp">
      <Filter>Source Files\Object</Filter>
    </ClCompile>
    <ClCompile Include="source\object\PongObject.cpp">
      <Filter>Source Files\Object</Filter>
    </ClCompile>
    <ClCompile Include="source\object\Wall.cpp">
      <Filter>Source Files\Object</Filter>
    </ClCompile>
    <ClCompile Include="source\object\MotionObject.cpp">
      <Filter>Source Files\Object</Filter>
    </ClCompile>
    <ClCompile Include="source\manager\WorldManager.cpp">
      <Filter>Source Files\Manager</Filter>
    </ClCompile>
  </ItemGroup>
</Project>